
Microsoft Visual Studio Solution File, Format Version 12.00
# Visual Studio 15
VisualStudioVersion = 15.0.28307.168
MinimumVisualStudioVersion = 10.0.40219.1
Project("{FAE04EC0-301F-11D3-BF4B-00C04F79EFBC}") = "C0726115", "C0726115\C0726115.csproj", "{3BB939F4-FF6C-47C0-BFCA-E594CD0AC4B7}"
EndProject
Global
	GlobalSection(SolutionConfigurationPlatforms) = preSolution
		Debug|Any CPU = Debug|Any CPU
		Release|Any CPU = Release|Any CPU
	EndGlobalSection
	GlobalSection(ProjectConfigurationPlatforms) = postSolution
		{3BB939F4-FF6C-47C0-BFCA-E594CD0AC4B7}.Debug|Any CPU.ActiveCfg = Debug|Any CPU
		{3BB939F4-FF6C-47C0-BFCA-E594CD0AC4B7}.Debug|Any CPU.Build.0 = Debug|Any CPU
		{3BB939F4-FF6C-47C0-BFCA-E594CD0AC4B7}.Release|Any CPU.ActiveCfg = Release|Any CPU
		{3BB939F4-FF6C-47C0-BFCA-E594CD0AC4B7}.Release|Any CPU.Build.0 = Release|Any CPU
	EndGlobalSection
	GlobalSection(SolutionProperties) = preSolution
		HideSolutionNode = FALSE
	EndGlobalSection
	GlobalSection(ExtensibilityGlobals) = postSolution
		SolutionGuid = {CE7FD2C8-59FD-4383-9CBE-007152F1ADA5}
	EndGlobalSection
EndGlobal
